
Microsoft Visual Studio Solution File, Format Version 12.00
# Visual Studio Version 17
VisualStudioVersion = 17.14.36804.6 d17.14
MinimumVisualStudioVersion = 10.0.40219.1
Project("{FAE04EC0-301F-11D3-BF4B-00C04F79EFBC}") = "EFCoreIntroConsoleApp", "EFCoreIntroConsoleApp\EFCoreIntroConsoleApp.csproj", "{8852C771-C71E-4CDA-A95C-93035019836F}"
EndProject
Global
	GlobalSection(SolutionConfigurationPlatforms) = preSolution
		Debug|Any CPU = Debug|Any CPU
		Release|Any CPU = Release|Any CPU
	EndGlobalSection
	GlobalSection(ProjectConfigurationPlatforms) = postSolution
		{8852C771-C71E-4CDA-A95C-93035019836F}.Debug|Any CPU.ActiveCfg = Debug|Any CPU
		{8852C771-C71E-4CDA-A95C-93035019836F}.Debug|Any CPU.Build.0 = Debug|Any CPU
		{8852C771-C71E-4CDA-A95C-93035019836F}.Release|Any CPU.ActiveCfg = Release|Any CPU
		{8852C771-C71E-4CDA-A95C-93035019836F}.Release|Any CPU.Build.0 = Release|Any CPU
	EndGlobalSection
	GlobalSection(SolutionProperties) = preSolution
		HideSolutionNode = FALSE
	EndGlobalSection
	GlobalSection(ExtensibilityGlobals) = postSolution
		SolutionGuid = {03F63D12-1276-4EEC-A0D8-A9C74D667DB2}
	EndGlobalSection
EndGlobal
